
Microsoft Visual Studio Solution File, Format Version 12.00
# Visual Studio Version 17
VisualStudioVersion = 17.7.34031.279
MinimumVisualStudioVersion = 10.0.40219.1
Project("{9A19103F-16F7-4668-BE54-9A1E7A4F7556}") = "BL", "BL\BL.csproj", "{9B2C0B7B-D6EE-46BD-842D-365539797D68}"
EndProject
Project("{9A19103F-16F7-4668-BE54-9A1E7A4F7556}") = "DL", "DL\DL.csproj", "{3B0C221B-5DD3-40CD-8A52-74121DDAAD36}"
EndProject
Project("{9A19103F-16F7-4668-BE54-9A1E7A4F7556}") = "PL", "PL\PL.csproj", "{EFDF6B0D-72AF-4453-B0E0-E3C182C0EFA0}"
EndProject
Project("{9A19103F-16F7-4668-BE54-9A1E7A4F7556}") = "UT", "UT\UT.csproj", "{57407714-2F16-4205-B85E-DAB9F60B09B1}"
EndProject
Project("{FAE04EC0-301F-11D3-BF4B-00C04F79EFBC}") = "SL", "SL\SL.csproj", "{6813CC1C-D75A-4182-A9FA-D444815DD131}"
EndProject
Global
	GlobalSection(SolutionConfigurationPlatforms) = preSolution
		Debug|Any CPU = Debug|Any CPU
		Release|Any CPU = Release|Any CPU
	EndGlobalSection
	GlobalSection(ProjectConfigurationPlatforms) = postSolution
		{9B2C0B7B-D6EE-46BD-842D-365539797D68}.Debug|Any CPU.ActiveCfg = Debug|Any CPU
		{9B2C0B7B-D6EE-46BD-842D-365539797D68}.Debug|Any CPU.Build.0 = Debug|Any CPU
		{9B2C0B7B-D6EE-46BD-842D-365539797D68}.Release|Any CPU.ActiveCfg = Release|Any CPU
		{9B2C0B7B-D6EE-46BD-842D-365539797D68}.Release|Any CPU.Build.0 = Release|Any CPU
		{3B0C221B-5DD3-40CD-8A52-74121DDAAD36}.Debug|Any CPU.ActiveCfg = Debug|Any CPU
		{3B0C221B-5DD3-40CD-8A52-74121DDAAD36}.Debug|Any CPU.Build.0 = Debug|Any CPU
		{3B0C221B-5DD3-40CD-8A52-74121DDAAD36}.Release|Any CPU.ActiveCfg = Release|Any CPU
		{3B0C221B-5DD3-40CD-8A52-74121DDAAD36}.Release|Any CPU.Build.0 = Release|Any CPU
		{EFDF6B0D-72AF-4453-B0E0-E3C182C0EFA0}.Debug|Any CPU.ActiveCfg = Debug|Any CPU
		{EFDF6B0D-72AF-4453-B0E0-E3C182C0EFA0}.Debug|Any CPU.Build.0 = Debug|Any CPU
		{EFDF6B0D-72AF-4453-B0E0-E3C182C0EFA0}.Release|Any CPU.ActiveCfg = Release|Any CPU
		{EFDF6B0D-72AF-4453-B0E0-E3C182C0EFA0}.Release|Any CPU.Build.0 = Release|Any CPU
		{57407714-2F16-4205-B85E-DAB9F60B09B1}.Debug|Any CPU.ActiveCfg = Debug|Any CPU
		{57407714-2F16-4205-B85E-DAB9F60B09B1}.Debug|Any CPU.Build.0 = Debug|Any CPU
		{57407714-2F16-4205-B85E-DAB9F60B09B1}.Release|Any CPU.ActiveCfg = Release|Any CPU
		{57407714-2F16-4205-B85E-DAB9F60B09B1}.Release|Any CPU.Build.0 = Release|Any CPU
		{6813CC1C-D75A-4182-A9FA-D444815DD131}.Debug|Any CPU.ActiveCfg = Debug|Any CPU
		{6813CC1C-D75A-4182-A9FA-D444815DD131}.Debug|Any CPU.Build.0 = Debug|Any CPU
		{6813CC1C-D75A-4182-A9FA-D444815DD131}.Release|Any CPU.ActiveCfg = Release|Any CPU
		{6813CC1C-D75A-4182-A9FA-D444815DD131}.Release|Any CPU.Build.0 = Release|Any CPU
	EndGlobalSection
	GlobalSection(SolutionProperties) = preSolution
		HideSolutionNode = FALSE
	EndGlobalSection
	GlobalSection(ExtensibilityGlobals) = postSolution
		SolutionGuid = {7D3445B3-F3EE-4B2B-BC5D-97F559EB5D19}
	EndGlobalSection
EndGlobal
